
Microsoft Visual Studio Solution File, Format Version 12.00
# Visual Studio Version 17
VisualStudioVersion = 17.0.31903.59
MinimumVisualStudioVersion = 10.0.40219.1
Project("{FAE04EC0-301F-11D3-BF4B-00C04F79EFBC}") = "InMemoryApp.Web", "InMemoryApp.Web\InMemoryApp.Web.csproj", "{4636106B-624B-44A7-8C27-F29D5F40222C}"
EndProject
Project("{FAE04EC0-301F-11D3-BF4B-00C04F79EFBC}") = "IDistrubutedCacheRedisApp.Web", "IDistrubutedCacheRedisApp.Web\IDistrubutedCacheRedisApp.Web.csproj", "{55AB133A-8B11-4316-B0C2-CCC5F53C25A3}"
EndProject
Project("{FAE04EC0-301F-11D3-BF4B-00C04F79EFBC}") = "RedisExchangeAPI.Web", "RedisExchangeAPI.Web\RedisExchangeAPI.Web.csproj", "{C2D0F22A-820F-4784-90D7-A9825A83452F}"
EndProject
Global
	GlobalSection(SolutionConfigurationPlatforms) = preSolution
		Debug|Any CPU = Debug|Any CPU
		Debug|x64 = Debug|x64
		Debug|x86 = Debug|x86
		Release|Any CPU = Release|Any CPU
		Release|x64 = Release|x64
		Release|x86 = Release|x86
	EndGlobalSection
	GlobalSection(ProjectConfigurationPlatforms) = postSolution
		{4636106B-624B-44A7-8C27-F29D5F40222C}.Debug|Any CPU.ActiveCfg = Debug|Any CPU
		{4636106B-624B-44A7-8C27-F29D5F40222C}.Debug|Any CPU.Build.0 = Debug|Any CPU
		{4636106B-624B-44A7-8C27-F29D5F40222C}.Debug|x64.ActiveCfg = Debug|Any CPU
		{4636106B-624B-44A7-8C27-F29D5F40222C}.Debug|x64.Build.0 = Debug|Any CPU
		{4636106B-624B-44A7-8C27-F29D5F40222C}.Debug|x86.ActiveCfg = Debug|Any CPU
		{4636106B-624B-44A7-8C27-F29D5F40222C}.Debug|x86.Build.0 = Debug|Any CPU
		{4636106B-624B-44A7-8C27-F29D5F40222C}.Release|Any CPU.ActiveCfg = Release|Any CPU
		{4636106B-624B-44A7-8C27-F29D5F40222C}.Release|Any CPU.Build.0 = Release|Any CPU
		{4636106B-624B-44A7-8C27-F29D5F40222C}.Release|x64.ActiveCfg = Release|Any CPU
		{4636106B-624B-44A7-8C27-F29D5F40222C}.Release|x64.Build.0 = Release|Any CPU
		{4636106B-624B-44A7-8C27-F29D5F40222C}.Release|x86.ActiveCfg = Release|Any CPU
		{4636106B-624B-44A7-8C27-F29D5F40222C}.Release|x86.Build.0 = Release|Any CPU
		{55AB133A-8B11-4316-B0C2-CCC5F53C25A3}.Debug|Any CPU.ActiveCfg = Debug|Any CPU
		{55AB133A-8B11-4316-B0C2-CCC5F53C25A3}.Debug|Any CPU.Build.0 = Debug|Any CPU
		{55AB133A-8B11-4316-B0C2-CCC5F53C25A3}.Debug|x64.ActiveCfg = Debug|Any CPU
		{55AB133A-8B11-4316-B0C2-CCC5F53C25A3}.Debug|x64.Build.0 = Debug|Any CPU
		{55AB133A-8B11-4316-B0C2-CCC5F53C25A3}.Debug|x86.ActiveCfg = Debug|Any CPU
		{55AB133A-8B11-4316-B0C2-CCC5F53C25A3}.Debug|x86.Build.0 = Debug|Any CPU
		{55AB133A-8B11-4316-B0C2-CCC5F53C25A3}.Release|Any CPU.ActiveCfg = Release|Any CPU
		{55AB133A-8B11-4316-B0C2-CCC5F53C25A3}.Release|Any CPU.Build.0 = Release|Any CPU
		{55AB133A-8B11-4316-B0C2-CCC5F53C25A3}.Release|x64.ActiveCfg = Release|Any CPU
		{55AB133A-8B11-4316-B0C2-CCC5F53C25A3}.Release|x64.Build.0 = Release|Any CPU
		{55AB133A-8B11-4316-B0C2-CCC5F53C25A3}.Release|x86.ActiveCfg = Release|Any CPU
		{55AB133A-8B11-4316-B0C2-CCC5F53C25A3}.Release|x86.Build.0 = Release|Any CPU
		{C2D0F22A-820F-4784-90D7-A9825A83452F}.Debug|Any CPU.ActiveCfg = Debug|Any CPU
		{C2D0F22A-820F-4784-90D7-A9825A83452F}.Debug|Any CPU.Build.0 = Debug|Any CPU
		{C2D0F22A-820F-4784-90D7-A9825A83452F}.Debug|x64.ActiveCfg = Debug|Any CPU
		{C2D0F22A-820F-4784-90D7-A9825A83452F}.Debug|x64.Build.0 = Debug|Any CPU
		{C2D0F22A-820F-4784-90D7-A9825A83452F}.Debug|x86.ActiveCfg = Debug|Any CPU
		{C2D0F22A-820F-4784-90D7-A9825A83452F}.Debug|x86.Build.0 = Debug|Any CPU
		{C2D0F22A-820F-4784-90D7-A9825A83452F}.Release|Any CPU.ActiveCfg = Release|Any CPU
		{C2D0F22A-820F-4784-90D7-A9825A83452F}.Release|Any CPU.Build.0 = Release|Any CPU
		{C2D0F22A-820F-4784-90D7-A9825A83452F}.Release|x64.ActiveCfg = Release|Any CPU
		{C2D0F22A-820F-4784-90D7-A9825A83452F}.Release|x64.Build.0 = Release|Any CPU
		{C2D0F22A-820F-4784-90D7-A9825A83452F}.Release|x86.ActiveCfg = Release|Any CPU
		{C2D0F22A-820F-4784-90D7-A9825A83452F}.Release|x86.Build.0 = Release|Any CPU
	EndGlobalSection
	GlobalSection(SolutionProperties) = preSolution
		HideSolutionNode = FALSE
	EndGlobalSection
EndGlobal
